
Microsoft Visual Studio Solution File, Format Version 12.00
# Visual Studio Version 16
VisualStudioVersion = 16.0.31313.79
MinimumVisualStudioVersion = 10.0.40219.1
Project("{FAE04EC0-301F-11D3-BF4B-00C04F79EFBC}") = "StringBuilderExamples", "StringBuilderExamples\StringBuilderExamples.csproj", "{C3CF0BB9-A04B-494C-B4B9-BF93E29D5AD5}"
EndProject
Project("{FAE04EC0-301F-11D3-BF4B-00C04F79EFBC}") = "ConsoleControlsAndProperties", "ConsoleControlsAndProperties\ConsoleControlsAndProperties.csproj", "{F025A604-2728-4286-9FFE-27C468BF9511}"
EndProject
Project("{FAE04EC0-301F-11D3-BF4B-00C04F79EFBC}") = "Loops", "NestedLoops\Loops.csproj", "{0640C7BB-8543-47C2-9C53-9138A11CA0A6}"
EndProject
Project("{FAE04EC0-301F-11D3-BF4B-00C04F79EFBC}") = "Arithmetic_Math", "Arithmetic_Math\Arithmetic_Math.csproj", "{FB512234-16F5-4524-B3CB-3DC71F45BFB1}"
EndProject
Project("{FAE04EC0-301F-11D3-BF4B-00C04F79EFBC}") = "IfElseStatements", "IfElseStatements\IfElseStatements.csproj", "{8CEDA29A-D79D-42AA-A2C9-0C8E3A01F640}"
EndProject
Project("{FAE04EC0-301F-11D3-BF4B-00C04F79EFBC}") = "MiniWhileGame", "MiniWhileGame\MiniWhileGame.csproj", "{6351C242-A5A8-4E2F-9214-1F15E6BA3F00}"
EndProject
Project("{FAE04EC0-301F-11D3-BF4B-00C04F79EFBC}") = "ForLoopsAndNestedForLoops", "ForLoopsAndNestedForLoops\ForLoopsAndNestedForLoops.csproj", "{2D9FC0BE-0FF3-4A72-93E3-31BADF0899FE}"
EndProject
Project("{FAE04EC0-301F-11D3-BF4B-00C04F79EFBC}") = "MenuConsoleApp", "MenuConsoleApp\MenuConsoleApp.csproj", "{012B1372-3CF9-4C59-B52B-AAD8B38A77E2}"
EndProject
Global
	GlobalSection(SolutionConfigurationPlatforms) = preSolution
		Debug|Any CPU = Debug|Any CPU
		Release|Any CPU = Release|Any CPU
	EndGlobalSection
	GlobalSection(ProjectConfigurationPlatforms) = postSolution
		{C3CF0BB9-A04B-494C-B4B9-BF93E29D5AD5}.Debug|Any CPU.ActiveCfg = Debug|Any CPU
		{C3CF0BB9-A04B-494C-B4B9-BF93E29D5AD5}.Debug|Any CPU.Build.0 = Debug|Any CPU
		{C3CF0BB9-A04B-494C-B4B9-BF93E29D5AD5}.Release|Any CPU.ActiveCfg = Release|Any CPU
		{C3CF0BB9-A04B-494C-B4B9-BF93E29D5AD5}.Release|Any CPU.Build.0 = Release|Any CPU
		{F025A604-2728-4286-9FFE-27C468BF9511}.Debug|Any CPU.ActiveCfg = Debug|Any CPU
		{F025A604-2728-4286-9FFE-27C468BF9511}.Debug|Any CPU.Build.0 = Debug|Any CPU
		{F025A604-2728-4286-9FFE-27C468BF9511}.Release|Any CPU.ActiveCfg = Release|Any CPU
		{F025A604-2728-4286-9FFE-27C468BF9511}.Release|Any CPU.Build.0 = Release|Any CPU
		{0640C7BB-8543-47C2-9C53-9138A11CA0A6}.Debug|Any CPU.ActiveCfg = Debug|Any CPU
		{0640C7BB-8543-47C2-9C53-9138A11CA0A6}.Debug|Any CPU.Build.0 = Debug|Any CPU
		{0640C7BB-8543-47C2-9C53-9138A11CA0A6}.Release|Any CPU.ActiveCfg = Release|Any CPU
		{0640C7BB-8543-47C2-9C53-9138A11CA0A6}.Release|Any CPU.Build.0 = Release|Any CPU
		{FB512234-16F5-4524-B3CB-3DC71F45BFB1}.Debug|Any CPU.ActiveCfg = Debug|Any CPU
		{FB512234-16F5-4524-B3CB-3DC71F45BFB1}.Debug|Any CPU.Build.0 = Debug|Any CPU
		{FB512234-16F5-4524-B3CB-3DC71F45BFB1}.Release|Any CPU.ActiveCfg = Release|Any CPU
		{FB512234-16F5-4524-B3CB-3DC71F45BFB1}.Release|Any CPU.Build.0 = Release|Any CPU
		{8CEDA29A-D79D-42AA-A2C9-0C8E3A01F640}.Debug|Any CPU.ActiveCfg = Debug|Any CPU
		{8CEDA29A-D79D-42AA-A2C9-0C8E3A01F640}.Debug|Any CPU.Build.0 = Debug|Any CPU
		{8CEDA29A-D79D-42AA-A2C9-0C8E3A01F640}.Release|Any CPU.ActiveCfg = Release|Any CPU
		{8CEDA29A-D79D-42AA-A2C9-0C8E3A01F640}.Release|Any CPU.Build.0 = Release|Any CPU
		{6351C242-A5A8-4E2F-9214-1F15E6BA3F00}.Debug|Any CPU.ActiveCfg = Debug|Any CPU
		{6351C242-A5A8-4E2F-9214-1F15E6BA3F00}.Debug|Any CPU.Build.0 = Debug|Any CPU
		{6351C242-A5A8-4E2F-9214-1F15E6BA3F00}.Release|Any CPU.ActiveCfg = Release|Any CPU
		{6351C242-A5A8-4E2F-9214-1F15E6BA3F00}.Release|Any CPU.Build.0 = Release|Any CPU
		{2D9FC0BE-0FF3-4A72-93E3-31BADF0899FE}.Debug|Any CPU.ActiveCfg = Debug|Any CPU
		{2D9FC0BE-0FF3-4A72-93E3-31BADF0899FE}.Debug|Any CPU.Build.0 = Debug|Any CPU
		{2D9FC0BE-0FF3-4A72-93E3-31BADF0899FE}.Release|Any CPU.ActiveCfg = Release|Any CPU
		{2D9FC0BE-0FF3-4A72-93E3-31BADF0899FE}.Release|Any CPU.Build.0 = Release|Any CPU
		{012B1372-3CF9-4C59-B52B-AAD8B38A77E2}.Debug|Any CPU.ActiveCfg = Debug|Any CPU
		{012B1372-3CF9-4C59-B52B-AAD8B38A77E2}.Debug|Any CPU.Build.0 = Debug|Any CPU
		{012B1372-3CF9-4C59-B52B-AAD8B38A77E2}.Release|Any CPU.ActiveCfg = Release|Any CPU
		{012B1372-3CF9-4C59-B52B-AAD8B38A77E2}.Release|Any CPU.Build.0 = Release|Any CPU
	EndGlobalSection
	GlobalSection(SolutionProperties) = preSolution
		HideSolutionNode = FALSE
	EndGlobalSection
	GlobalSection(ExtensibilityGlobals) = postSolution
		SolutionGuid = {7C7D5B69-DC20-45A2-AA71-AB8953C73438}
	EndGlobalSection
EndGlobal
